
Microsoft Visual Studio Solution File, Format Version 12.00
# Visual Studio Version 16
VisualStudioVersion = 16.0.29728.190
MinimumVisualStudioVersion = 10.0.40219.1
Project("{FAE04EC0-301F-11D3-BF4B-00C04F79EFBC}") = "SubDemo", "..\..\..\SubDemo\SubDemo\SubDemo.csproj", "{3C213CAF-0671-44CB-AA86-95BDB829A600}"
EndProject
Project("{FAE04EC0-301F-11D3-BF4B-00C04F79EFBC}") = "Art_of_battle", "Art_of_battle.csproj", "{C3C66F63-9F88-4BA9-9E69-F06FBFB3BD8E}"
EndProject
Global
	GlobalSection(SolutionConfigurationPlatforms) = preSolution
		Debug|Any CPU = Debug|Any CPU
		Release|Any CPU = Release|Any CPU
	EndGlobalSection
	GlobalSection(ProjectConfigurationPlatforms) = postSolution
		{3C213CAF-0671-44CB-AA86-95BDB829A600}.Debug|Any CPU.ActiveCfg = Debug|Any CPU
		{3C213CAF-0671-44CB-AA86-95BDB829A600}.Debug|Any CPU.Build.0 = Debug|Any CPU
		{3C213CAF-0671-44CB-AA86-95BDB829A600}.Release|Any CPU.ActiveCfg = Release|Any CPU
		{3C213CAF-0671-44CB-AA86-95BDB829A600}.Release|Any CPU.Build.0 = Release|Any CPU
		{C3C66F63-9F88-4BA9-9E69-F06FBFB3BD8E}.Debug|Any CPU.ActiveCfg = Debug|Any CPU
		{C3C66F63-9F88-4BA9-9E69-F06FBFB3BD8E}.Debug|Any CPU.Build.0 = Debug|Any CPU
		{C3C66F63-9F88-4BA9-9E69-F06FBFB3BD8E}.Release|Any CPU.ActiveCfg = Release|Any CPU
		{C3C66F63-9F88-4BA9-9E69-F06FBFB3BD8E}.Release|Any CPU.Build.0 = Release|Any CPU
	EndGlobalSection
	GlobalSection(SolutionProperties) = preSolution
		HideSolutionNode = FALSE
	EndGlobalSection
	GlobalSection(ExtensibilityGlobals) = postSolution
		SolutionGuid = {848F4345-CC73-4098-9BE7-6F6772199C26}
	EndGlobalSection
EndGlobal
